
Microsoft Visual Studio Solution File, Format Version 12.00
# Visual Studio Version 17
VisualStudioVersion = 17.7.34024.191
MinimumVisualStudioVersion = 10.0.40219.1
Project("{8BC9CEB8-8B4A-11D0-8D11-00A0C91BC942}") = "1", "3\3.vcxproj", "{4C449AD8-E79A-4425-945B-BFC708B48FFC}"
EndProject
Project("{8BC9CEB8-8B4A-11D0-8D11-00A0C91BC942}") = "2", "2\2.vcxproj", "{2026FACB-650F-4439-977E-CE143A6DD7E4}"
EndProject
Project("{8BC9CEB8-8B4A-11D0-8D11-00A0C91BC942}") = "33", "33\33.vcxproj", "{934A8152-CA2A-45E6-A95E-FCB41100366A}"
EndProject
Project("{8BC9CEB8-8B4A-11D0-8D11-00A0C91BC942}") = "4", "4\4.vcxproj", "{4DCBA1F2-298F-4B94-9D89-1E043173FEE5}"
EndProject
Project("{8BC9CEB8-8B4A-11D0-8D11-00A0C91BC942}") = "5", "5\5.vcxproj", "{A2E4A634-B0C1-46B0-B596-5C598CE5170A}"
EndProject
Project("{8BC9CEB8-8B4A-11D0-8D11-00A0C91BC942}") = "6", "6\6.vcxproj", "{DC054445-D8EF-4065-BF67-B521752B9300}"
EndProject
Project("{8BC9CEB8-8B4A-11D0-8D11-00A0C91BC942}") = "7", "7\7.vcxproj", "{7023D0D2-53FE-40A6-8CFC-58546EDF3D0E}"
EndProject
Project("{8BC9CEB8-8B4A-11D0-8D11-00A0C91BC942}") = "8", "8\8.vcxproj", "{18736F46-7816-4E2F-B24E-3134CE861C54}"
EndProject
Global
	GlobalSection(SolutionConfigurationPlatforms) = preSolution
		Debug|x64 = Debug|x64
		Debug|x86 = Debug|x86
		Release|x64 = Release|x64
		Release|x86 = Release|x86
	EndGlobalSection
	GlobalSection(ProjectConfigurationPlatforms) = postSolution
		{4C449AD8-E79A-4425-945B-BFC708B48FFC}.Debug|x64.ActiveCfg = Debug|x64
		{4C449AD8-E79A-4425-945B-BFC708B48FFC}.Debug|x64.Build.0 = Debug|x64
		{4C449AD8-E79A-4425-945B-BFC708B48FFC}.Debug|x86.ActiveCfg = Debug|Win32
		{4C449AD8-E79A-4425-945B-BFC708B48FFC}.Debug|x86.Build.0 = Debug|Win32
		{4C449AD8-E79A-4425-945B-BFC708B48FFC}.Release|x64.ActiveCfg = Release|x64
		{4C449AD8-E79A-4425-945B-BFC708B48FFC}.Release|x64.Build.0 = Release|x64
		{4C449AD8-E79A-4425-945B-BFC708B48FFC}.Release|x86.ActiveCfg = Release|Win32
		{4C449AD8-E79A-4425-945B-BFC708B48FFC}.Release|x86.Build.0 = Release|Win32
		{2026FACB-650F-4439-977E-CE143A6DD7E4}.Debug|x64.ActiveCfg = Debug|x64
		{2026FACB-650F-4439-977E-CE143A6DD7E4}.Debug|x64.Build.0 = Debug|x64
		{2026FACB-650F-4439-977E-CE143A6DD7E4}.Debug|x86.ActiveCfg = Debug|Win32
		{2026FACB-650F-4439-977E-CE143A6DD7E4}.Debug|x86.Build.0 = Debug|Win32
		{2026FACB-650F-4439-977E-CE143A6DD7E4}.Release|x64.ActiveCfg = Release|x64
		{2026FACB-650F-4439-977E-CE143A6DD7E4}.Release|x64.Build.0 = Release|x64
		{2026FACB-650F-4439-977E-CE143A6DD7E4}.Release|x86.ActiveCfg = Release|Win32
		{2026FACB-650F-4439-977E-CE143A6DD7E4}.Release|x86.Build.0 = Release|Win32
		{934A8152-CA2A-45E6-A95E-FCB41100366A}.Debug|x64.ActiveCfg = Debug|x64
		{934A8152-CA2A-45E6-A95E-FCB41100366A}.Debug|x64.Build.0 = Debug|x64
		{934A8152-CA2A-45E6-A95E-FCB41100366A}.Debug|x86.ActiveCfg = Debug|Win32
		{934A8152-CA2A-45E6-A95E-FCB41100366A}.Debug|x86.Build.0 = Debug|Win32
		{934A8152-CA2A-45E6-A95E-FCB41100366A}.Release|x64.ActiveCfg = Release|x64
		{934A8152-CA2A-45E6-A95E-FCB41100366A}.Release|x64.Build.0 = Release|x64
		{934A8152-CA2A-45E6-A95E-FCB41100366A}.Release|x86.ActiveCfg = Release|Win32
		{934A8152-CA2A-45E6-A95E-FCB41100366A}.Release|x86.Build.0 = Release|Win32
		{4DCBA1F2-298F-4B94-9D89-1E043173FEE5}.Debug|x64.ActiveCfg = Debug|x64
		{4DCBA1F2-298F-4B94-9D89-1E043173FEE5}.Debug|x64.Build.0 = Debug|x64
		{4DCBA1F2-298F-4B94-9D89-1E043173FEE5}.Debug|x86.ActiveCfg = Debug|Win32
		{4DCBA1F2-298F-4B94-9D89-1E043173FEE5}.Debug|x86.Build.0 = Debug|Win32
		{4DCBA1F2-298F-4B94-9D89-1E043173FEE5}.Release|x64.ActiveCfg = Release|x64
		{4DCBA1F2-298F-4B94-9D89-1E043173FEE5}.Release|x64.Build.0 = Release|x64
		{4DCBA1F2-298F-4B94-9D89-1E043173FEE5}.Release|x86.ActiveCfg = Release|Win32
		{4DCBA1F2-298F-4B94-9D89-1E043173FEE5}.Release|x86.Build.0 = Release|Win32
		{A2E4A634-B0C1-46B0-B596-5C598CE5170A}.Debug|x64.ActiveCfg = Debug|x64
		{A2E4A634-B0C1-46B0-B596-5C598CE5170A}.Debug|x64.Build.0 = Debug|x64
		{A2E4A634-B0C1-46B0-B596-5C598CE5170A}.Debug|x86.ActiveCfg = Debug|Win32
		{A2E4A634-B0C1-46B0-B596-5C598CE5170A}.Debug|x86.Build.0 = Debug|Win32
		{A2E4A634-B0C1-46B0-B596-5C598CE5170A}.Release|x64.ActiveCfg = Release|x64
		{A2E4A634-B0C1-46B0-B596-5C598CE5170A}.Release|x64.Build.0 = Release|x64
		{A2E4A634-B0C1-46B0-B596-5C598CE5170A}.Release|x86.ActiveCfg = Release|Win32
		{A2E4A634-B0C1-46B0-B596-5C598CE5170A}.Release|x86.Build.0 = Release|Win32
		{DC054445-D8EF-4065-BF67-B521752B9300}.Debug|x64.ActiveCfg = Debug|x64
		{DC054445-D8EF-4065-BF67-B521752B9300}.Debug|x64.Build.0 = Debug|x64
		{DC054445-D8EF-4065-BF67-B521752B9300}.Debug|x86.ActiveCfg = Debug|Win32
		{DC054445-D8EF-4065-BF67-B521752B9300}.Debug|x86.Build.0 = Debug|Win32
		{DC054445-D8EF-4065-BF67-B521752B9300}.Release|x64.ActiveCfg = Release|x64
		{DC054445-D8EF-4065-BF67-B521752B9300}.Release|x64.Build.0 = Release|x64
		{DC054445-D8EF-4065-BF67-B521752B9300}.Release|x86.ActiveCfg = Release|Win32
		{DC054445-D8EF-4065-BF67-B521752B9300}.Release|x86.Build.0 = Release|Win32
		{7023D0D2-53FE-40A6-8CFC-58546EDF3D0E}.Debug|x64.ActiveCfg = Debug|x64
		{7023D0D2-53FE-40A6-8CFC-58546EDF3D0E}.Debug|x64.Build.0 = Debug|x64
		{7023D0D2-53FE-40A6-8CFC-58546EDF3D0E}.Debug|x86.ActiveCfg = Debug|Win32
		{7023D0D2-53FE-40A6-8CFC-58546EDF3D0E}.Debug|x86.Build.0 = Debug|Win32
		{7023D0D2-53FE-40A6-8CFC-58546EDF3D0E}.Release|x64.ActiveCfg = Release|x64
		{7023D0D2-53FE-40A6-8CFC-58546EDF3D0E}.Release|x64.Build.0 = Release|x64
		{7023D0D2-53FE-40A6-8CFC-58546EDF3D0E}.Release|x86.ActiveCfg = Release|Win32
		{7023D0D2-53FE-40A6-8CFC-58546EDF3D0E}.Release|x86.Build.0 = Release|Win32
		{18736F46-7816-4E2F-B24E-3134CE861C54}.Debug|x64.ActiveCfg = Debug|x64
		{18736F46-7816-4E2F-B24E-3134CE861C54}.Debug|x64.Build.0 = Debug|x64
		{18736F46-7816-4E2F-B24E-3134CE861C54}.Debug|x86.ActiveCfg = Debug|Win32
		{18736F46-7816-4E2F-B24E-3134CE861C54}.Debug|x86.Build.0 = Debug|Win32
		{18736F46-7816-4E2F-B24E-3134CE861C54}.Release|x64.ActiveCfg = Release|x64
		{18736F46-7816-4E2F-B24E-3134CE861C54}.Release|x64.Build.0 = Release|x64
		{18736F46-7816-4E2F-B24E-3134CE861C54}.Release|x86.ActiveCfg = Release|Win32
		{18736F46-7816-4E2F-B24E-3134CE861C54}.Release|x86.Build.0 = Release|Win32
	EndGlobalSection
	GlobalSection(SolutionProperties) = preSolution
		HideSolutionNode = FALSE
	EndGlobalSection
	GlobalSection(ExtensibilityGlobals) = postSolution
		SolutionGuid = {847DF722-3EC8-4388-B1C1-03EFFA33C887}
	EndGlobalSection
EndGlobal
